
Microsoft Visual Studio Solution File, Format Version 12.00
# Visual Studio 15
VisualStudioVersion = 15.0.26430.15
MinimumVisualStudioVersion = 10.0.40219.1
Project("{9A19103F-16F7-4668-BE54-9A1E7A4F7556}") = "CSharpTests.Arango", "CSharpTests.Arango\CSharpTests.Arango.csproj", "{9F5342A3-620A-4201-BC7F-129C6A51D8BD}"
EndProject
Project("{9A19103F-16F7-4668-BE54-9A1E7A4F7556}") = "EFTest", "EFTest\EFTest.csproj", "{395FF4E8-0CB5-4E4F-97E9-AC8AD912917B}"
EndProject
Project("{9A19103F-16F7-4668-BE54-9A1E7A4F7556}") = "GroupIp", "GroupIp\GroupIp.csproj", "{A3F69494-5C09-4230-9CF3-A2E3C763B982}"
EndProject
Project("{9A19103F-16F7-4668-BE54-9A1E7A4F7556}") = "DistinctAny", "DistinctAny\DistinctAny.csproj", "{401D5C29-CABD-4123-A6ED-5CB8053582AE}"
EndProject
Project("{FAE04EC0-301F-11D3-BF4B-00C04F79EFBC}") = "Configuration", "Configuration\Configuration.csproj", "{1D798F59-437B-4CDD-BF8B-91B08C1EB5F5}"
EndProject
Global
	GlobalSection(SolutionConfigurationPlatforms) = preSolution
		Debug|Any CPU = Debug|Any CPU
		Release|Any CPU = Release|Any CPU
	EndGlobalSection
	GlobalSection(ProjectConfigurationPlatforms) = postSolution
		{9F5342A3-620A-4201-BC7F-129C6A51D8BD}.Debug|Any CPU.ActiveCfg = Debug|Any CPU
		{9F5342A3-620A-4201-BC7F-129C6A51D8BD}.Debug|Any CPU.Build.0 = Debug|Any CPU
		{9F5342A3-620A-4201-BC7F-129C6A51D8BD}.Release|Any CPU.ActiveCfg = Release|Any CPU
		{9F5342A3-620A-4201-BC7F-129C6A51D8BD}.Release|Any CPU.Build.0 = Release|Any CPU
		{395FF4E8-0CB5-4E4F-97E9-AC8AD912917B}.Debug|Any CPU.ActiveCfg = Debug|Any CPU
		{395FF4E8-0CB5-4E4F-97E9-AC8AD912917B}.Debug|Any CPU.Build.0 = Debug|Any CPU
		{395FF4E8-0CB5-4E4F-97E9-AC8AD912917B}.Release|Any CPU.ActiveCfg = Release|Any CPU
		{395FF4E8-0CB5-4E4F-97E9-AC8AD912917B}.Release|Any CPU.Build.0 = Release|Any CPU
		{A3F69494-5C09-4230-9CF3-A2E3C763B982}.Debug|Any CPU.ActiveCfg = Debug|Any CPU
		{A3F69494-5C09-4230-9CF3-A2E3C763B982}.Debug|Any CPU.Build.0 = Debug|Any CPU
		{A3F69494-5C09-4230-9CF3-A2E3C763B982}.Release|Any CPU.ActiveCfg = Release|Any CPU
		{A3F69494-5C09-4230-9CF3-A2E3C763B982}.Release|Any CPU.Build.0 = Release|Any CPU
		{401D5C29-CABD-4123-A6ED-5CB8053582AE}.Debug|Any CPU.ActiveCfg = Debug|Any CPU
		{401D5C29-CABD-4123-A6ED-5CB8053582AE}.Debug|Any CPU.Build.0 = Debug|Any CPU
		{401D5C29-CABD-4123-A6ED-5CB8053582AE}.Release|Any CPU.ActiveCfg = Release|Any CPU
		{401D5C29-CABD-4123-A6ED-5CB8053582AE}.Release|Any CPU.Build.0 = Release|Any CPU
		{1D798F59-437B-4CDD-BF8B-91B08C1EB5F5}.Debug|Any CPU.ActiveCfg = Debug|Any CPU
		{1D798F59-437B-4CDD-BF8B-91B08C1EB5F5}.Debug|Any CPU.Build.0 = Debug|Any CPU
		{1D798F59-437B-4CDD-BF8B-91B08C1EB5F5}.Release|Any CPU.ActiveCfg = Release|Any CPU
		{1D798F59-437B-4CDD-BF8B-91B08C1EB5F5}.Release|Any CPU.Build.0 = Release|Any CPU
	EndGlobalSection
	GlobalSection(SolutionProperties) = preSolution
		HideSolutionNode = FALSE
	EndGlobalSection
EndGlobal
